
Microsoft Visual Studio Solution File, Format Version 12.00
# Visual Studio Version 17
VisualStudioVersion = 17.5.002.0
MinimumVisualStudioVersion = 10.0.40219.1
Project("{9A19103F-16F7-4668-BE54-9A1E7A4F7556}") = "C#", "C#.csproj", "{DC881CB2-65FD-4318-ADC3-5F3C328357DE}"
EndProject
Global
	GlobalSection(SolutionConfigurationPlatforms) = preSolution
		Debug|Any CPU = Debug|Any CPU
		Release|Any CPU = Release|Any CPU
	EndGlobalSection
	GlobalSection(ProjectConfigurationPlatforms) = postSolution
		{DC881CB2-65FD-4318-ADC3-5F3C328357DE}.Debug|Any CPU.ActiveCfg = Debug|Any CPU
		{DC881CB2-65FD-4318-ADC3-5F3C328357DE}.Debug|Any CPU.Build.0 = Debug|Any CPU
		{DC881CB2-65FD-4318-ADC3-5F3C328357DE}.Release|Any CPU.ActiveCfg = Release|Any CPU
		{DC881CB2-65FD-4318-ADC3-5F3C328357DE}.Release|Any CPU.Build.0 = Release|Any CPU
	EndGlobalSection
	GlobalSection(SolutionProperties) = preSolution
		HideSolutionNode = FALSE
	EndGlobalSection
	GlobalSection(ExtensibilityGlobals) = postSolution
		SolutionGuid = {F90EC5DD-D430-4307-867E-A06F23E2389C}
	EndGlobalSection
EndGlobal
